// !$*UTF8*$!
{
	archiveVersion = 1;
	classes = {
	};
	objectVersion = 50;
	objects = {

/* Begin PBXBuildFile section */
		F4ACAE51246603EC00F9E165 /* AppDelegate.swift in Sources */ = {isa = PBXBuildFile; fileRef = F4ACAE50246603EC00F9E165 /* AppDelegate.swift */; };
		F4ACAE53246603EC00F9E165 /* SceneDelegate.swift in Sources */ = {isa = PBXBuildFile; fileRef = F4ACAE52246603EC00F9E165 /* SceneDelegate.swift */; };
		F4ACAE55246603EC00F9E165 /* ViewController.swift in Sources */ = {isa = PBXBuildFile; fileRef = F4ACAE54246603EC00F9E165 /* ViewController.swift */; };
		F4ACAE58246603EC00F9E165 /* Main.storyboard in Resources */ = {isa = PBXBuildFile; fileRef = F4ACAE56246603EC00F9E165 /* Main.storyboard */; };
		F4ACAE5A246603EE00F9E165 /* Assets.xcassets in Resources */ = {isa = PBXBuildFile; fileRef = F4ACAE59246603EE00F9E165 /* Assets.xcassets */; };
		F4ACAE5D246603EE00F9E165 /* LaunchScreen.storyboard in Resources */ = {isa = PBXBuildFile; fileRef = F4ACAE5B246603EE00F9E165 /* LaunchScreen.storyboard */; };
		F4ACAE652466090B00F9E165 /* CryptoTableViewCell.swift in Sources */ = {isa = PBXBuildFile; fileRef = F4ACAE642466090B00F9E165 /* CryptoTableViewCell.swift */; };
		F4ACAE6B246610E200F9E165 /* ModelCrypto.swift in Sources */ = {isa = PBXBuildFile; fileRef = F4ACAE6A246610E200F9E165 /* ModelCrypto.swift */; };
		F4ACAE6D2466121A00F9E165 /* RequestHelper.swift in Sources */ = {isa = PBXBuildFile; fileRef = F4ACAE6C2466121A00F9E165 /* RequestHelper.swift */; };
		F4FA2E2F24661D7B0015B30E /* ViewModelCrypto.swift in Sources */ = {isa = PBXBuildFile; fileRef = F4FA2E2E24661D7B0015B30E /* ViewModelCrypto.swift */; };
/* End PBXBuildFile section */

/* Begin PBXFileReference section */
		F4ACAE4D246603EC00F9E165 /* CryptoCrazy.app */ = {isa = PBXFileReference; explicitFileType = wrapper.application; includeInIndex = 0; path = CryptoCrazy.app; sourceTree = BUILT_PRODUCTS_DIR; };
		F4ACAE50246603EC00F9E165 /* AppDelegate.swift */ = {isa = PBXFileReference; lastKnownFileType = sourcecode.swift; path = AppDelegate.swift; sourceTree = "<group>"; };
		F4ACAE52246603EC00F9E165 /* SceneDelegate.swift */ = {isa = PBXFileReference; lastKnownFileType = sourcecode.swift; path = SceneDelegate.swift; sourceTree = "<group>"; };
		F4ACAE54246603EC00F9E165 /* ViewController.swift */ = {isa = PBXFileReference; lastKnownFileType = sourcecode.swift; path = ViewController.swift; sourceTree = "<group>"; };
		F4ACAE57246603EC00F9E165 /* Base */ = {isa = PBXFileReference; lastKnownFileType = file.storyboard; name = Base; path = Base.lproj/Main.storyboard; sourceTree = "<group>"; };
		F4ACAE59246603EE00F9E165 /* Assets.xcassets */ = {isa = PBXFileReference; lastKnownFileType = folder.assetcatalog; path = Assets.xcassets; sourceTree = "<group>"; };
		F4ACAE5C246603EE00F9E165 /* Base */ = {isa = PBXFileReference; lastKnownFileType = file.storyboard; name = Base; path = Base.lproj/LaunchScreen.storyboard; sourceTree = "<group>"; };
		F4ACAE5E246603EE00F9E165 /* Info.plist */ = {isa = PBXFileReference; lastKnownFileType = text.plist.xml; path = Info.plist; sourceTree = "<group>"; };
		F4ACAE642466090B00F9E165 /* CryptoTableViewCell.swift */ = {isa = PBXFileReference; lastKnownFileType = sourcecode.swift; path = CryptoTableViewCell.swift; sourceTree = "<group>"; };
		F4ACAE6A246610E200F9E165 /* ModelCrypto.swift */ = {isa = PBXFileReference; lastKnownFileType = sourcecode.swift; path = ModelCrypto.swift; sourceTree = "<group>"; };
		F4ACAE6C2466121A00F9E165 /* RequestHelper.swift */ = {isa = PBXFileReference; lastKnownFileType = sourcecode.swift; path = RequestHelper.swift; sourceTree = "<group>"; };
		F4FA2E2E24661D7B0015B30E /* ViewModelCrypto.swift */ = {isa = PBXFileReference; lastKnownFileType = sourcecode.swift; path = ViewModelCrypto.swift; sourceTree = "<group>"; };
/* End PBXFileReference section */

/* Begin PBXFrameworksBuildPhase section */
		F4ACAE4A246603EC00F9E165 /* Frameworks */ = {
			isa = PBXFrameworksBuildPhase;
			buildActionMask = 2147483647;
			files = (
			);
			runOnlyForDeploymentPostprocessing = 0;
		};
/* End PBXFrameworksBuildPhase section */

/* Begin PBXGroup section */
		F4ACAE44246603EC00F9E165 = {
			isa = PBXGroup;
			children = (
				F4ACAE4F246603EC00F9E165 /* CryptoCrazy */,
				F4ACAE4E246603EC00F9E165 /* Products */,
			);
			sourceTree = "<group>";
		};
		F4ACAE4E246603EC00F9E165 /* Products */ = {
			isa = PBXGroup;
			children = (
				F4ACAE4D246603EC00F9E165 /* CryptoCrazy.app */,
			);
			name = Products;
			sourceTree = "<group>";
		};
		F4ACAE4F246603EC00F9E165 /* CryptoCrazy */ = {
			isa = PBXGroup;
			children = (
				F4ACAE692466102A00F9E165 /* Service */,
				F4ACAE682466100F00F9E165 /* ViewModel */,
				F4ACAE6724660FF400F9E165 /* Model */,
				F4ACAE6624660FE800F9E165 /* View */,
				F4ACAE56246603EC00F9E165 /* Main.storyboard */,
				F4ACAE59246603EE00F9E165 /* Assets.xcassets */,
				F4ACAE5B246603EE00F9E165 /* LaunchScreen.storyboard */,
				F4ACAE5E246603EE00F9E165 /* Info.plist */,
			);
			path = CryptoCrazy;
			sourceTree = "<group>";
		};
		F4ACAE6624660FE800F9E165 /* View */ = {
			isa = PBXGroup;
			children = (
				F4ACAE50246603EC00F9E165 /* AppDelegate.swift */,
				F4ACAE52246603EC00F9E165 /* SceneDelegate.swift */,
				F4ACAE54246603EC00F9E165 /* ViewController.swift */,
				F4ACAE642466090B00F9E165 /* CryptoTableViewCell.swift */,
			);
			path = View;
			sourceTree = "<group>";
		};
		F4ACAE6724660FF400F9E165 /* Model */ = {
			isa = PBXGroup;
			children = (
				F4ACAE6A246610E200F9E165 /* ModelCrypto.swift */,
			);
			path = Model;
			sourceTree = "<group>";
		};
		F4ACAE682466100F00F9E165 /* ViewModel */ = {
			isa = PBXGroup;
			children = (
				F4FA2E2E24661D7B0015B30E /* ViewModelCrypto.swift */,
			);
			path = ViewModel;
			sourceTree = "<group>";
		};
		F4ACAE692466102A00F9E165 /* Service */ = {
			isa = PBXGroup;
			children = (
				F4ACAE6C2466121A00F9E165 /* RequestHelper.swift */,
			);
			path = Service;
			sourceTree = "<group>";
		};
/* End PBXGroup section */

/* Begin PBXNativeTarget section */
		F4ACAE4C246603EC00F9E165 /* CryptoCrazy */ = {
			isa = PBXNativeTarget;
			buildConfigurationList = F4ACAE61246603EE00F9E165 /* Build configuration list for PBXNativeTarget "CryptoCrazy" */;
			buildPhases = (
				F4ACAE49246603EC00F9E165 /* Sources */,
				F4ACAE4A246603EC00F9E165 /* Frameworks */,
				F4ACAE4B246603EC00F9E165 /* Resources */,
			);
			buildRules = (
			);
			dependencies = (
			);
			name = CryptoCrazy;
			productName = CryptoCrazy;
			productReference = F4ACAE4D246603EC00F9E165 /* CryptoCrazy.app */;
			productType = "com.apple.product-type.application";
		};
/* End PBXNativeTarget section */

/* Begin PBXProject section */
		F4ACAE45246603EC00F9E165 /* Project object */ = {
			isa = PBXProject;
			attributes = {
				LastSwiftUpdateCheck = 1110;
				LastUpgradeCheck = 1110;
				ORGANIZATIONNAME = mustafacan;
				TargetAttributes = {
					F4ACAE4C246603EC00F9E165 = {
						CreatedOnToolsVersion = 11.1;
					};
				};
			};
			buildConfigurationList = F4ACAE48246603EC00F9E165 /* Build configuration list for PBXProject "CryptoCrazy" */;
			compatibilityVersion = "Xcode 9.3";
			developmentRegion = en;
			hasScannedForEncodings = 0;
			knownRegions = (
				en,
				Base,
			);
			mainGroup = F4ACAE44246603EC00F9E165;
			productRefGroup = F4ACAE4E246603EC00F9E165 /* Products */;
			projectDirPath = "";
			projectRoot = "";
			targets = (
				F4ACAE4C246603EC00F9E165 /* CryptoCrazy */,
			);
		};
/* End PBXProject section */

/* Begin PBXResourcesBuildPhase section */
		F4ACAE4B246603EC00F9E165 /* Resources */ = {
			isa = PBXResourcesBuildPhase;
			buildActionMask = 2147483647;
			files = (
				F4ACAE5D246603EE00F9E165 /* LaunchScreen.storyboard in Resources */,
				F4ACAE5A246603EE00F9E165 /* Assets.xcassets in Resources */,
				F4ACAE58246603EC00F9E165 /* Main.storyboard in Resources */,
			);
			runOnlyForDeploymentPostprocessing = 0;
		};
/* End PBXResourcesBuildPhase section */

/* Begin PBXSourcesBuildPhase section */
		F4ACAE49246603EC00F9E165 /* Sources */ = {
			isa = PBXSourcesBuildPhase;
			buildActionMask = 2147483647;
			files = (
				F4ACAE652466090B00F9E165 /* CryptoTableViewCell.swift in Sources */,
				F4ACAE6B246610E200F9E165 /* ModelCrypto.swift in Sources */,
				F4ACAE55246603EC00F9E165 /* ViewController.swift in Sources */,
				F4ACAE6D2466121A00F9E165 /* RequestHelper.swift in Sources */,
				F4ACAE51246603EC00F9E165 /* AppDelegate.swift in Sources */,
				F4FA2E2F24661D7B0015B30E /* ViewModelCrypto.swift in Sources */,
				F4ACAE53246603EC00F9E165 /* SceneDelegate.swift in Sources */,
			);
			runOnlyForDeploymentPostprocessing = 0;
		};
/* End PBXSourcesBuildPhase section */

/* Begin PBXVariantGroup section */
		F4ACAE56246603EC00F9E165 /* Main.storyboard */ = {
			isa = PBXVariantGroup;
			children = (
				F4ACAE57246603EC00F9E165 /* Base */,
			);
			name = Main.storyboard;
			sourceTree = "<group>";
		};
		F4ACAE5B246603EE00F9E165 /* LaunchScreen.storyboard */ = {
			isa = PBXVariantGroup;
			children = (
				F4ACAE5C246603EE00F9E165 /* Base */,
			);
			name = LaunchScreen.storyboard;
			sourceTree = "<group>";
		};
/* End PBXVariantGroup section */

/* Begin XCBuildConfiguration section */
		F4ACAE5F246603EE00F9E165 /* Debug */ = {
			isa = XCBuildConfiguration;
			buildSettings = {
				ALWAYS_SEARCH_USER_PATHS = NO;
				CLANG_ANALYZER_NONNULL = YES;
				CLANG_ANALYZER_NUMBER_OBJECT_CONVERSION = YES_AGGRESSIVE;
				CLANG_CXX_LANGUAGE_STANDARD = "gnu++14";
				CLANG_CXX_LIBRARY = "libc++";
				CLANG_ENABLE_MODULES = YES;
				CLANG_ENABLE_OBJC_ARC = YES;
				CLANG_ENABLE_OBJC_WEAK = YES;
				CLANG_WARN_BLOCK_CAPTURE_AUTORELEASING = YES;
				CLANG_WARN_BOOL_CONVERSION = YES;
				CLANG_WARN_COMMA = YES;
				CLANG_WARN_CONSTANT_CONVERSION = YES;
				CLANG_WARN_DEPRECATED_OBJC_IMPLEMENTATIONS = YES;
				CLANG_WARN_DIRECT_OBJC_ISA_USAGE = YES_ERROR;
				CLANG_WARN_DOCUMENTATION_COMMENTS = YES;
				CLANG_WARN_EMPTY_BODY = YES;
				CLANG_WARN_ENUM_CONVERSION = YES;
				CLANG_WARN_INFINITE_RECURSION = YES;
				CLANG_WARN_INT_CONVERSION = YES;
				CLANG_WARN_NON_LITERAL_NULL_CONVERSION = YES;
				CLANG_WARN_OBJC_IMPLICIT_RETAIN_SELF = YES;
				CLANG_WARN_OBJC_LITERAL_CONVERSION = YES;
				CLANG_WARN_OBJC_ROOT_CLASS = YES_ERROR;
				CLANG_WARN_RANGE_LOOP_ANALYSIS = YES;
				CLANG_WARN_STRICT_PROTOTYPES = YES;
				CLANG_WARN_SUSPICIOUS_MOVE = YES;
				CLANG_WARN_UNGUARDED_AVAILABILITY = YES_AGGRESSIVE;
				CLANG_WARN_UNREACHABLE_CODE = YES;
				CLANG_WARN__DUPLICATE_METHOD_MATCH = YES;
				COPY_PHASE_STRIP = NO;
				DEBUG_INFORMATION_FORMAT = dwarf;
				ENABLE_STRICT_OBJC_MSGSEND = YES;
				ENABLE_TESTABILITY = YES;
				GCC_C_LANGUAGE_STANDARD = gnu11;
				GCC_DYNAMIC_NO_PIC = NO;
				GCC_NO_COMMON_BLOCKS = YES;
				GCC_OPTIMIZATION_LEVEL = 0;
				GCC_PREPROCESSOR_DEFINITIONS = (
					"DEBUG=1",
					"$(inherited)",
				);
				GCC_WARN_64_TO_32_BIT_CONVERSION = YES;
				GCC_WARN_ABOUT_RETURN_TYPE = YES_ERROR;
				GCC_WARN_UNDECLARED_SELECTOR = YES;
				GCC_WARN_UNINITIALIZED_AUTOS = YES_AGGRESSIVE;
				GCC_WARN_UNUSED_FUNCTION = YES;
				GCC_WARN_UNUSED_VARIABLE = YES;
				IPHONEOS_DEPLOYMENT_TARGET = 13.1;
				MTL_ENABLE_DEBUG_INFO = INCLUDE_SOURCE;
				MTL_FAST_MATH = YES;
				ONLY_ACTIVE_ARCH = YES;
				SDKROOT = iphoneos;
				SWIFT_ACTIVE_COMPILATION_CONDITIONS = DEBUG;
				SWIFT_OPTIMIZATION_LEVEL = "-Onone";
			};
			name = Debug;
		};
		F4ACAE60246603EE00F9E165 /* Release */ = {
			isa = XCBuildConfiguration;
			buildSettings = {
				ALWAYS_SEARCH_USER_PATHS = NO;
				CLANG_ANALYZER_NONNULL = YES;
				CLANG_ANALYZER_NUMBER_OBJECT_CONVERSION = YES_AGGRESSIVE;
				CLANG_CXX_LANGUAGE_STANDARD = "gnu++14";
				CLANG_CXX_LIBRARY = "libc++";
				CLANG_ENABLE_MODULES = YES;
				CLANG_ENABLE_OBJC_ARC = YES;
				CLANG_ENABLE_OBJC_WEAK = YES;
				CLANG_WARN_BLOCK_CAPTURE_AUTORELEASING = YES;
				CLANG_WARN_BOOL_CONVERSION = YES;
				CLANG_WARN_COMMA = YES;
				CLANG_WARN_CONSTANT_CONVERSION = YES;
				CLANG_WARN_DEPRECATED_OBJC_IMPLEMENTATIONS = YES;
				CLANG_WARN_DIRECT_OBJC_ISA_USAGE = YES_ERROR;
				CLANG_WARN_DOCUMENTATION_COMMENTS = YES;
				CLANG_WARN_EMPTY_BODY = YES;
				CLANG_WARN_ENUM_CONVERSION = YES;
				CLANG_WARN_INFINITE_RECURSION = YES;
				CLANG_WARN_INT_CONVERSION = YES;
				CLANG_WARN_NON_LITERAL_NULL_CONVERSION = YES;
				CLANG_WARN_OBJC_IMPLICIT_RETAIN_SELF = YES;
				CLANG_WARN_OBJC_LITERAL_CONVERSION = YES;
				CLANG_WARN_OBJC_ROOT_CLASS = YES_ERROR;
				CLANG_WARN_RANGE_LOOP_ANALYSIS = YES;
				CLANG_WARN_STRICT_PROTOTYPES = YES;
				CLANG_WARN_SUSPICIOUS_MOVE = YES;
				CLANG_WARN_UNGUARDED_AVAILABILITY = YES_AGGRESSIVE;
				CLANG_WARN_UNREACHABLE_CODE = YES;
				CLANG_WARN__DUPLICATE_METHOD_MATCH = YES;
				COPY_PHASE_STRIP = NO;
				DEBUG_INFORMATION_FORMAT = "dwarf-with-dsym";
				ENABLE_NS_ASSERTIONS = NO;
				ENABLE_STRICT_OBJC_MSGSEND = YES;
				GCC_C_LANGUAGE_STANDARD = gnu11;
				GCC_NO_COMMON_BLOCKS = YES;
				GCC_WARN_64_TO_32_BIT_CONVERSION = YES;
				GCC_WARN_ABOUT_RETURN_TYPE = YES_ERROR;
				GCC_WARN_UNDECLARED_SELECTOR = YES;
				GCC_WARN_UNINITIALIZED_AUTOS = YES_AGGRESSIVE;
				GCC_WARN_UNUSED_FUNCTION = YES;
				GCC_WARN_UNUSED_VARIABLE = YES;
				IPHONEOS_DEPLOYMENT_TARGET = 13.1;
				MTL_ENABLE_DEBUG_INFO = NO;
				MTL_FAST_MATH = YES;
				SDKROOT = iphoneos;
				SWIFT_COMPILATION_MODE = wholemodule;
				SWIFT_OPTIMIZATION_LEVEL = "-O";
				VALIDATE_PRODUCT = YES;
			};
			name = Release;
		};
		F4ACAE62246603EE00F9E165 /* Debug */ = {
			isa = XCBuildConfiguration;
			buildSettings = {
				ASSETCATALOG_COMPILER_APPICON_NAME = AppIcon;
				CODE_SIGN_STYLE = Automatic;
				DEVELOPMENT_TEAM = R85KH9583H;
				INFOPLIST_FILE = CryptoCrazy/Info.plist;
				LD_RUNPATH_SEARCH_PATHS = (
					"$(inherited)",
					"@executable_path/Frameworks",
				);
				PRODUCT_BUNDLE_IDENTIFIER = mcan.CryptoCrazy;
				PRODUCT_NAME = "$(TARGET_NAME)";
				SWIFT_VERSION = 5.0;
				TARGETED_DEVICE_FAMILY = "1,2";
			};
			name = Debug;
		};
		F4ACAE63246603EE00F9E165 /* Release */ = {
			isa = XCBuildConfiguration;
			buildSettings = {
				ASSETCATALOG_COMPILER_APPICON_NAME = AppIcon;
				CODE_SIGN_STYLE = Automatic;
				DEVELOPMENT_TEAM = R85KH9583H;
				INFOPLIST_FILE = CryptoCrazy/Info.plist;
				LD_RUNPATH_SEARCH_PATHS = (
					"$(inherited)",
					"@executable_path/Frameworks",
				);
				PRODUCT_BUNDLE_IDENTIFIER = mcan.CryptoCrazy;
				PRODUCT_NAME = "$(TARGET_NAME)";
				SWIFT_VERSION = 5.0;
				TARGETED_DEVICE_FAMILY = "1,2";
			};
			name = Release;
		};
/* End XCBuildConfiguration section */

/* Begin XCConfigurationList section */
		F4ACAE48246603EC00F9E165 /* Build configuration list for PBXProject "CryptoCrazy" */ = {
			isa = XCConfigurationList;
			buildConfigurations = (
				F4ACAE5F246603EE00F9E165 /* Debug */,
				F4ACAE60246603EE00F9E165 /* Release */,
			);
			defaultConfigurationIsVisible = 0;
			defaultConfigurationName = Release;
		};
		F4ACAE61246603EE00F9E165 /* Build configuration list for PBXNativeTarget "CryptoCrazy" */ = {
			isa = XCConfigurationList;
			buildConfigurations = (
				F4ACAE62246603EE00F9E165 /* Debug */,
				F4ACAE63246603EE00F9E165 /* Release */,
			);
			defaultConfigurationIsVisible = 0;
			defaultConfigurationName = Release;
		};
/* End XCConfigurationList section */
	};
	rootObject = F4ACAE45246603EC00F9E165 /* Project object */;
}
